
Microsoft Visual Studio Solution File, Format Version 12.00
# Visual Studio Version 17
VisualStudioVersion = 17.11.35222.181
MinimumVisualStudioVersion = 10.0.40219.1
Project("{FAE04EC0-301F-11D3-BF4B-00C04F79EFBC}") = "DeliveryTestAssignment", "DeliveryTestAssignment\DeliveryTestAssignment.csproj", "{5B0B15CC-5CE0-4897-BE68-FDB5037C549C}"
EndProject
Global
	GlobalSection(SolutionConfigurationPlatforms) = preSolution
		Debug|Any CPU = Debug|Any CPU
		Release|Any CPU = Release|Any CPU
	EndGlobalSection
	GlobalSection(ProjectConfigurationPlatforms) = postSolution
		{5B0B15CC-5CE0-4897-BE68-FDB5037C549C}.Debug|Any CPU.ActiveCfg = Debug|Any CPU
		{5B0B15CC-5CE0-4897-BE68-FDB5037C549C}.Debug|Any CPU.Build.0 = Debug|Any CPU
		{5B0B15CC-5CE0-4897-BE68-FDB5037C549C}.Release|Any CPU.ActiveCfg = Release|Any CPU
		{5B0B15CC-5CE0-4897-BE68-FDB5037C549C}.Release|Any CPU.Build.0 = Release|Any CPU
	EndGlobalSection
	GlobalSection(SolutionProperties) = preSolution
		HideSolutionNode = FALSE
	EndGlobalSection
	GlobalSection(ExtensibilityGlobals) = postSolution
		SolutionGuid = {B01EF4E3-CA6D-44F1-A4CE-F045D5542DA0}
	EndGlobalSection
EndGlobal
